
Microsoft Visual Studio Solution File, Format Version 12.00
# Visual Studio 2017
Project("{FAE04EC0-301F-11D3-BF4B-00C04F79EFBC}") = "09_AssetBundleProject", "09_AssetBundleProject.csproj", "{DC99CF6F-D211-FE8E-4188-4BFC16C97C4B}"
EndProject
Project("{FAE04EC0-301F-11D3-BF4B-00C04F79EFBC}") = "09_AssetBundleProject.Editor", "09_AssetBundleProject.Editor.csproj", "{65E60B94-7EF3-49B5-3F5A-B35CBC7235EE}"
EndProject
Global
	GlobalSection(SolutionConfigurationPlatforms) = preSolution
		Debug|Any CPU = Debug|Any CPU
		Release|Any CPU = Release|Any CPU
	EndGlobalSection
	GlobalSection(ProjectConfigurationPlatforms) = postSolution
		{DC99CF6F-D211-FE8E-4188-4BFC16C97C4B}.Debug|Any CPU.ActiveCfg = Debug|Any CPU
		{DC99CF6F-D211-FE8E-4188-4BFC16C97C4B}.Debug|Any CPU.Build.0 = Debug|Any CPU
		{DC99CF6F-D211-FE8E-4188-4BFC16C97C4B}.Release|Any CPU.ActiveCfg = Release|Any CPU
		{DC99CF6F-D211-FE8E-4188-4BFC16C97C4B}.Release|Any CPU.Build.0 = Release|Any CPU
		{65E60B94-7EF3-49B5-3F5A-B35CBC7235EE}.Debug|Any CPU.ActiveCfg = Debug|Any CPU
		{65E60B94-7EF3-49B5-3F5A-B35CBC7235EE}.Debug|Any CPU.Build.0 = Debug|Any CPU
		{65E60B94-7EF3-49B5-3F5A-B35CBC7235EE}.Release|Any CPU.ActiveCfg = Release|Any CPU
		{65E60B94-7EF3-49B5-3F5A-B35CBC7235EE}.Release|Any CPU.Build.0 = Release|Any CPU
	EndGlobalSection
	GlobalSection(SolutionProperties) = preSolution
		HideSolutionNode = FALSE
	EndGlobalSection
EndGlobal
